
Microsoft Visual Studio Solution File, Format Version 12.00
# Visual Studio Version 16
VisualStudioVersion = 16.0.30503.244
MinimumVisualStudioVersion = 10.0.40219.1
Project("{9A19103F-16F7-4668-BE54-9A1E7A4F7556}") = "BluEPRint.Wpf", "BluEPRint\BluEPRint.Wpf.csproj", "{7873F27C-01B2-4790-A5D1-3B51D024258F}"
EndProject
Project("{9A19103F-16F7-4668-BE54-9A1E7A4F7556}") = "BluEPRint.Core", "BluEPRint.Core\BluEPRint.Core.csproj", "{DA45240A-5022-4144-87F2-F62BA98005DD}"
EndProject
Project("{FAE04EC0-301F-11D3-BF4B-00C04F79EFBC}") = "BluEPRint.ViewModel", "BluEPRint.ViewModel\BluEPRint.ViewModel.csproj", "{9BBAEDCF-2AC9-4808-AF99-D4277E24D41A}"
EndProject
Global
	GlobalSection(SolutionConfigurationPlatforms) = preSolution
		Debug|Any CPU = Debug|Any CPU
		Release|Any CPU = Release|Any CPU
	EndGlobalSection
	GlobalSection(ProjectConfigurationPlatforms) = postSolution
		{7873F27C-01B2-4790-A5D1-3B51D024258F}.Debug|Any CPU.ActiveCfg = Debug|Any CPU
		{7873F27C-01B2-4790-A5D1-3B51D024258F}.Debug|Any CPU.Build.0 = Debug|Any CPU
		{7873F27C-01B2-4790-A5D1-3B51D024258F}.Release|Any CPU.ActiveCfg = Release|Any CPU
		{7873F27C-01B2-4790-A5D1-3B51D024258F}.Release|Any CPU.Build.0 = Release|Any CPU
		{DA45240A-5022-4144-87F2-F62BA98005DD}.Debug|Any CPU.ActiveCfg = Debug|Any CPU
		{DA45240A-5022-4144-87F2-F62BA98005DD}.Debug|Any CPU.Build.0 = Debug|Any CPU
		{DA45240A-5022-4144-87F2-F62BA98005DD}.Release|Any CPU.ActiveCfg = Release|Any CPU
		{DA45240A-5022-4144-87F2-F62BA98005DD}.Release|Any CPU.Build.0 = Release|Any CPU
		{9BBAEDCF-2AC9-4808-AF99-D4277E24D41A}.Debug|Any CPU.ActiveCfg = Debug|Any CPU
		{9BBAEDCF-2AC9-4808-AF99-D4277E24D41A}.Debug|Any CPU.Build.0 = Debug|Any CPU
		{9BBAEDCF-2AC9-4808-AF99-D4277E24D41A}.Release|Any CPU.ActiveCfg = Release|Any CPU
		{9BBAEDCF-2AC9-4808-AF99-D4277E24D41A}.Release|Any CPU.Build.0 = Release|Any CPU
	EndGlobalSection
	GlobalSection(SolutionProperties) = preSolution
		HideSolutionNode = FALSE
	EndGlobalSection
	GlobalSection(ExtensibilityGlobals) = postSolution
		SolutionGuid = {A8FD85A8-E27B-4393-9437-F77E6EE8407D}
	EndGlobalSection
EndGlobal
